
Microsoft Visual Studio Solution File, Format Version 12.00
# Visual Studio Version 17
VisualStudioVersion = 17.4.33205.214
MinimumVisualStudioVersion = 10.0.40219.1
Project("{9A19103F-16F7-4668-BE54-9A1E7A4F7556}") = "StatisticsBot", "StatisticsBot\StatisticsBot.csproj", "{F62078BF-98F1-486C-A80D-B139F89E22A7}"
EndProject
Project("{2150E333-8FDC-42A3-9474-1A3956D46DE8}") = "Solution Items", "Solution Items", "{9B1CDB51-53B7-417D-BAE5-C791AEE4C9E9}"
	ProjectSection(SolutionItems) = preProject
		BuildScript.bat = BuildScript.bat
	EndProjectSection
EndProject
Global
	GlobalSection(SolutionConfigurationPlatforms) = preSolution
		Debug|Any CPU = Debug|Any CPU
		Release|Any CPU = Release|Any CPU
	EndGlobalSection
	GlobalSection(ProjectConfigurationPlatforms) = postSolution
		{F62078BF-98F1-486C-A80D-B139F89E22A7}.Debug|Any CPU.ActiveCfg = Debug|Any CPU
		{F62078BF-98F1-486C-A80D-B139F89E22A7}.Debug|Any CPU.Build.0 = Debug|Any CPU
		{F62078BF-98F1-486C-A80D-B139F89E22A7}.Release|Any CPU.ActiveCfg = Release|Any CPU
		{F62078BF-98F1-486C-A80D-B139F89E22A7}.Release|Any CPU.Build.0 = Release|Any CPU
	EndGlobalSection
	GlobalSection(SolutionProperties) = preSolution
		HideSolutionNode = FALSE
	EndGlobalSection
	GlobalSection(ExtensibilityGlobals) = postSolution
		SolutionGuid = {909A048B-FCE1-4E03-9F78-806C5065F79D}
	EndGlobalSection
EndGlobal
